
Microsoft Visual Studio Solution File, Format Version 12.00
# Visual Studio Version 16
VisualStudioVersion = 16.0.31129.286
MinimumVisualStudioVersion = 10.0.40219.1
Project("{9A19103F-16F7-4668-BE54-9A1E7A4F7556}") = "OnionUniversity", "OnionUniversity\OnionUniversity.csproj", "{FD5FECB0-026E-4FC9-918A-0AA82171D9A7}"
EndProject
Project("{2150E333-8FDC-42A3-9474-1A3956D46DE8}") = "Domain", "Domain", "{234D7731-6775-436F-82C7-D73D0E20AE17}"
EndProject
Project("{9A19103F-16F7-4668-BE54-9A1E7A4F7556}") = "OnionUniversity.Domain.Core", "Domain\OnionUniversity.Domain.Core\OnionUniversity.Domain.Core.csproj", "{F810DE7E-DB4D-46F5-8836-9F54C107B2F4}"
EndProject
Project("{9A19103F-16F7-4668-BE54-9A1E7A4F7556}") = "Interfaces", "Interfaces\Interfaces.csproj", "{549DE09B-B784-4168-8D29-DF672F30CCC8}"
EndProject
Project("{2150E333-8FDC-42A3-9474-1A3956D46DE8}") = "Services", "Services", "{91E68A66-6310-4481-A77C-C466B3F23789}"
EndProject
Project("{9A19103F-16F7-4668-BE54-9A1E7A4F7556}") = "OnionUniversity.Services.Interfaces", "Services\OnionUniversity.Services.Interfaces\OnionUniversity.Services.Interfaces.csproj", "{86070BAA-6911-4C0A-B624-1BADFEE94A49}"
EndProject
Project("{2150E333-8FDC-42A3-9474-1A3956D46DE8}") = "Infrastructure", "Infrastructure", "{66A0262E-5C9B-494F-90D6-0179985EBB53}"
EndProject
Project("{9A19103F-16F7-4668-BE54-9A1E7A4F7556}") = "OnionUniversity.Infrastructure.Data", "Infrastructure\OnionUniversity.Infrastructure.Data\OnionUniversity.Infrastructure.Data.csproj", "{EE9D7755-909D-46E7-90C0-F818B7D4D555}"
EndProject
Global
	GlobalSection(SolutionConfigurationPlatforms) = preSolution
		Debug|Any CPU = Debug|Any CPU
		Release|Any CPU = Release|Any CPU
	EndGlobalSection
	GlobalSection(ProjectConfigurationPlatforms) = postSolution
		{FD5FECB0-026E-4FC9-918A-0AA82171D9A7}.Debug|Any CPU.ActiveCfg = Debug|Any CPU
		{FD5FECB0-026E-4FC9-918A-0AA82171D9A7}.Debug|Any CPU.Build.0 = Debug|Any CPU
		{FD5FECB0-026E-4FC9-918A-0AA82171D9A7}.Release|Any CPU.ActiveCfg = Release|Any CPU
		{FD5FECB0-026E-4FC9-918A-0AA82171D9A7}.Release|Any CPU.Build.0 = Release|Any CPU
		{F810DE7E-DB4D-46F5-8836-9F54C107B2F4}.Debug|Any CPU.ActiveCfg = Debug|Any CPU
		{F810DE7E-DB4D-46F5-8836-9F54C107B2F4}.Debug|Any CPU.Build.0 = Debug|Any CPU
		{F810DE7E-DB4D-46F5-8836-9F54C107B2F4}.Release|Any CPU.ActiveCfg = Release|Any CPU
		{F810DE7E-DB4D-46F5-8836-9F54C107B2F4}.Release|Any CPU.Build.0 = Release|Any CPU
		{549DE09B-B784-4168-8D29-DF672F30CCC8}.Debug|Any CPU.ActiveCfg = Debug|Any CPU
		{549DE09B-B784-4168-8D29-DF672F30CCC8}.Debug|Any CPU.Build.0 = Debug|Any CPU
		{549DE09B-B784-4168-8D29-DF672F30CCC8}.Release|Any CPU.ActiveCfg = Release|Any CPU
		{549DE09B-B784-4168-8D29-DF672F30CCC8}.Release|Any CPU.Build.0 = Release|Any CPU
		{86070BAA-6911-4C0A-B624-1BADFEE94A49}.Debug|Any CPU.ActiveCfg = Debug|Any CPU
		{86070BAA-6911-4C0A-B624-1BADFEE94A49}.Debug|Any CPU.Build.0 = Debug|Any CPU
		{86070BAA-6911-4C0A-B624-1BADFEE94A49}.Release|Any CPU.ActiveCfg = Release|Any CPU
		{86070BAA-6911-4C0A-B624-1BADFEE94A49}.Release|Any CPU.Build.0 = Release|Any CPU
		{EE9D7755-909D-46E7-90C0-F818B7D4D555}.Debug|Any CPU.ActiveCfg = Debug|Any CPU
		{EE9D7755-909D-46E7-90C0-F818B7D4D555}.Debug|Any CPU.Build.0 = Debug|Any CPU
		{EE9D7755-909D-46E7-90C0-F818B7D4D555}.Release|Any CPU.ActiveCfg = Release|Any CPU
		{EE9D7755-909D-46E7-90C0-F818B7D4D555}.Release|Any CPU.Build.0 = Release|Any CPU
	EndGlobalSection
	GlobalSection(SolutionProperties) = preSolution
		HideSolutionNode = FALSE
	EndGlobalSection
	GlobalSection(NestedProjects) = preSolution
		{F810DE7E-DB4D-46F5-8836-9F54C107B2F4} = {234D7731-6775-436F-82C7-D73D0E20AE17}
		{549DE09B-B784-4168-8D29-DF672F30CCC8} = {66A0262E-5C9B-494F-90D6-0179985EBB53}
		{86070BAA-6911-4C0A-B624-1BADFEE94A49} = {91E68A66-6310-4481-A77C-C466B3F23789}
		{EE9D7755-909D-46E7-90C0-F818B7D4D555} = {66A0262E-5C9B-494F-90D6-0179985EBB53}
	EndGlobalSection
	GlobalSection(ExtensibilityGlobals) = postSolution
		SolutionGuid = {0C5C4C81-53CB-4817-9CC8-9088F2C7A653}
	EndGlobalSection
EndGlobal
